// !$*UTF8*$!
{
	archiveVersion = 1;
	classes = {
	};
	objectVersion = 46;
	objects = {

/* Begin PBXBuildFile section */
		9160BE0F1D38419F00742CB9 /* main.swift in Sources */ = {isa = PBXBuildFile; fileRef = 9160BE0E1D38419E00742CB9 /* main.swift */; };
		9160BE141D3945F300742CB9 /* Utility.swift in Sources */ = {isa = PBXBuildFile; fileRef = 9160BE131D3945F300742CB9 /* Utility.swift */; };
		9160BE1C1D39C09D00742CB9 /* main.swift in Sources */ = {isa = PBXBuildFile; fileRef = 9160BE1B1D39C09D00742CB9 /* main.swift */; };
		9160BE211D39C1D100742CB9 /* Utility.swift in Sources */ = {isa = PBXBuildFile; fileRef = 9160BE201D39C1D100742CB9 /* Utility.swift */; };
		917D95B21D37D1C200DB2893 /* Utility.swift in Sources */ = {isa = PBXBuildFile; fileRef = 917D95B11D37D1C200DB2893 /* Utility.swift */; };
		919E7E091D3C65AC00D0B1AE /* main.swift in Sources */ = {isa = PBXBuildFile; fileRef = 919E7E081D3C65AC00D0B1AE /* main.swift */; };
		919E7E0E1D3C660600D0B1AE /* Utility.swift in Sources */ = {isa = PBXBuildFile; fileRef = 919E7E0D1D3C660600D0B1AE /* Utility.swift */; };
		919E7E101D3D424F00D0B1AE /* README.md in Sources */ = {isa = PBXBuildFile; fileRef = 919E7E0F1D3D424F00D0B1AE /* README.md */; };
		91C3214A1D37D054004D3C65 /* main.swift in Sources */ = {isa = PBXBuildFile; fileRef = 91C321491D37D054004D3C65 /* main.swift */; };
		91DC7D951D2BF6C2007F5110 /* main.swift in Sources */ = {isa = PBXBuildFile; fileRef = 91DC7D941D2BF6C2007F5110 /* main.swift */; };
		91DC7D9A1D2BF90E007F5110 /* Utility.swift in Sources */ = {isa = PBXBuildFile; fileRef = 91DC7D991D2BF90E007F5110 /* Utility.swift */; };
		91E2E0241D3B19AA00137DD4 /* main.swift in Sources */ = {isa = PBXBuildFile; fileRef = 91E2E0231D3B19AA00137DD4 /* main.swift */; };
		91E2E0291D3B1A8000137DD4 /* Utility.swift in Sources */ = {isa = PBXBuildFile; fileRef = 91E2E0281D3B1A8000137DD4 /* Utility.swift */; };
		91E2E02D1D3B1EC500137DD4 /* CARingBuffer.cpp in Sources */ = {isa = PBXBuildFile; fileRef = 91E2E02B1D3B1EC500137DD4 /* CARingBuffer.cpp */; };
		91E53AE11D36DB030024222A /* main.swift in Sources */ = {isa = PBXBuildFile; fileRef = 91E53AE01D36DB030024222A /* main.swift */; };
		91E53AE61D36DF3E0024222A /* Utility.swift in Sources */ = {isa = PBXBuildFile; fileRef = 91E53AE51D36DF3E0024222A /* Utility.swift */; };
		91F84E971D289A51005DF80F /* main.swift in Sources */ = {isa = PBXBuildFile; fileRef = 91F84E961D289A51005DF80F /* main.swift */; };
		91F84EA21D289B32005DF80F /* main.swift in Sources */ = {isa = PBXBuildFile; fileRef = 91F84EA11D289B32005DF80F /* main.swift */; };
		91F84EAD1D289B9A005DF80F /* main.swift in Sources */ = {isa = PBXBuildFile; fileRef = 91F84EAC1D289B9A005DF80F /* main.swift */; };
		91F84EB81D289BE9005DF80F /* main.swift in Sources */ = {isa = PBXBuildFile; fileRef = 91F84EB71D289BE9005DF80F /* main.swift */; };
		91F84EBD1D289C21005DF80F /* Utility.swift in Sources */ = {isa = PBXBuildFile; fileRef = 91F84EBC1D289C21005DF80F /* Utility.swift */; };
		91F84EC51D294CE2005DF80F /* main.swift in Sources */ = {isa = PBXBuildFile; fileRef = 91F84EC41D294CE2005DF80F /* main.swift */; };
		91F84ECA1D294E97005DF80F /* Utility.swift in Sources */ = {isa = PBXBuildFile; fileRef = 91F84EC91D294E97005DF80F /* Utility.swift */; };
/* End PBXBuildFile section */

/* Begin PBXCopyFilesBuildPhase section */
		9160BE0A1D38419E00742CB9 /* CopyFiles */ = {
			isa = PBXCopyFilesBuildPhase;
			buildActionMask = 2147483647;
			dstPath = /usr/share/man/man1/;
			dstSubfolderSpec = 0;
			files = (
			);
			runOnlyForDeploymentPostprocessing = 1;
		};
		9160BE171D39C09D00742CB9 /* CopyFiles */ = {
			isa = PBXCopyFilesBuildPhase;
			buildActionMask = 2147483647;
			dstPath = /usr/share/man/man1/;
			dstSubfolderSpec = 0;
			files = (
			);
			runOnlyForDeploymentPostprocessing = 1;
		};
		919E7E041D3C65AC00D0B1AE /* CopyFiles */ = {
			isa = PBXCopyFilesBuildPhase;
			buildActionMask = 2147483647;
			dstPath = /usr/share/man/man1/;
			dstSubfolderSpec = 0;
			files = (
			);
			runOnlyForDeploymentPostprocessing = 1;
		};
		91C321451D37D054004D3C65 /* CopyFiles */ = {
			isa = PBXCopyFilesBuildPhase;
			buildActionMask = 2147483647;
			dstPath = /usr/share/man/man1/;
			dstSubfolderSpec = 0;
			files = (
			);
			runOnlyForDeploymentPostprocessing = 1;
		};
		91DC7D901D2BF6C2007F5110 /* CopyFiles */ = {
			isa = PBXCopyFilesBuildPhase;
			buildActionMask = 2147483647;
			dstPath = /usr/share/man/man1/;
			dstSubfolderSpec = 0;
			files = (
			);
			runOnlyForDeploymentPostprocessing = 1;
		};
		91E2E01F1D3B19AA00137DD4 /* CopyFiles */ = {
			isa = PBXCopyFilesBuildPhase;
			buildActionMask = 2147483647;
			dstPath = /usr/share/man/man1/;
			dstSubfolderSpec = 0;
			files = (
			);
			runOnlyForDeploymentPostprocessing = 1;
		};
		91E53ADC1D36DB030024222A /* CopyFiles */ = {
			isa = PBXCopyFilesBuildPhase;
			buildActionMask = 2147483647;
			dstPath = /usr/share/man/man1/;
			dstSubfolderSpec = 0;
			files = (
			);
			runOnlyForDeploymentPostprocessing = 1;
		};
		91F84E921D289A51005DF80F /* CopyFiles */ = {
			isa = PBXCopyFilesBuildPhase;
			buildActionMask = 2147483647;
			dstPath = /usr/share/man/man1/;
			dstSubfolderSpec = 0;
			files = (
			);
			runOnlyForDeploymentPostprocessing = 1;
		};
		91F84E9D1D289B32005DF80F /* CopyFiles */ = {
			isa = PBXCopyFilesBuildPhase;
			buildActionMask = 2147483647;
			dstPath = /usr/share/man/man1/;
			dstSubfolderSpec = 0;
			files = (
			);
			runOnlyForDeploymentPostprocessing = 1;
		};
		91F84EA81D289B9A005DF80F /* CopyFiles */ = {
			isa = PBXCopyFilesBuildPhase;
			buildActionMask = 2147483647;
			dstPath = /usr/share/man/man1/;
			dstSubfolderSpec = 0;
			files = (
			);
			runOnlyForDeploymentPostprocessing = 1;
		};
		91F84EB31D289BE9005DF80F /* CopyFiles */ = {
			isa = PBXCopyFilesBuildPhase;
			buildActionMask = 2147483647;
			dstPath = /usr/share/man/man1/;
			dstSubfolderSpec = 0;
			files = (
			);
			runOnlyForDeploymentPostprocessing = 1;
		};
		91F84EC01D294CE2005DF80F /* CopyFiles */ = {
			isa = PBXCopyFilesBuildPhase;
			buildActionMask = 2147483647;
			dstPath = /usr/share/man/man1/;
			dstSubfolderSpec = 0;
			files = (
			);
			runOnlyForDeploymentPostprocessing = 1;
		};
/* End PBXCopyFilesBuildPhase section */

/* Begin PBXFileReference section */
		9160BE0C1D38419E00742CB9 /* CH07_AUGraphSpeechSynthesis */ = {isa = PBXFileReference; explicitFileType = "compiled.mach-o.executable"; includeInIndex = 0; path = CH07_AUGraphSpeechSynthesis; sourceTree = BUILT_PRODUCTS_DIR; };
		9160BE0E1D38419E00742CB9 /* main.swift */ = {isa = PBXFileReference; lastKnownFileType = sourcecode.swift; path = main.swift; sourceTree = "<group>"; };
		9160BE131D3945F300742CB9 /* Utility.swift */ = {isa = PBXFileReference; fileEncoding = 4; lastKnownFileType = sourcecode.swift; path = Utility.swift; sourceTree = "<group>"; };
		9160BE191D39C09D00742CB9 /* CH06_ExtAudioFileConverter */ = {isa = PBXFileReference; explicitFileType = "compiled.mach-o.executable"; includeInIndex = 0; path = CH06_ExtAudioFileConverter; sourceTree = BUILT_PRODUCTS_DIR; };
		9160BE1B1D39C09D00742CB9 /* main.swift */ = {isa = PBXFileReference; lastKnownFileType = sourcecode.swift; path = main.swift; sourceTree = "<group>"; };
		9160BE201D39C1D100742CB9 /* Utility.swift */ = {isa = PBXFileReference; fileEncoding = 4; lastKnownFileType = sourcecode.swift; path = Utility.swift; sourceTree = "<group>"; };
		917D95B11D37D1C200DB2893 /* Utility.swift */ = {isa = PBXFileReference; fileEncoding = 4; lastKnownFileType = sourcecode.swift; path = Utility.swift; sourceTree = "<group>"; };
		919E7E061D3C65AC00D0B1AE /* CH09_OpenALOrbitLoop */ = {isa = PBXFileReference; explicitFileType = "compiled.mach-o.executable"; includeInIndex = 0; path = CH09_OpenALOrbitLoop; sourceTree = BUILT_PRODUCTS_DIR; };
		919E7E081D3C65AC00D0B1AE /* main.swift */ = {isa = PBXFileReference; lastKnownFileType = sourcecode.swift; path = main.swift; sourceTree = "<group>"; };
		919E7E0D1D3C660600D0B1AE /* Utility.swift */ = {isa = PBXFileReference; fileEncoding = 4; lastKnownFileType = sourcecode.swift; path = Utility.swift; sourceTree = "<group>"; };
		919E7E0F1D3D424F00D0B1AE /* README.md */ = {isa = PBXFileReference; fileEncoding = 4; lastKnownFileType = net.daringfireball.markdown; path = README.md; sourceTree = "<group>"; };
		91C321471D37D054004D3C65 /* CH07_AUGraphPlayer */ = {isa = PBXFileReference; explicitFileType = "compiled.mach-o.executable"; includeInIndex = 0; path = CH07_AUGraphPlayer; sourceTree = BUILT_PRODUCTS_DIR; };
		91C321491D37D054004D3C65 /* main.swift */ = {isa = PBXFileReference; lastKnownFileType = sourcecode.swift; path = main.swift; sourceTree = "<group>"; };
		91DC7D921D2BF6C2007F5110 /* CH06_AudioConverter */ = {isa = PBXFileReference; explicitFileType = "compiled.mach-o.executable"; includeInIndex = 0; path = CH06_AudioConverter; sourceTree = BUILT_PRODUCTS_DIR; };
		91DC7D941D2BF6C2007F5110 /* main.swift */ = {isa = PBXFileReference; lastKnownFileType = sourcecode.swift; path = main.swift; sourceTree = "<group>"; };
		91DC7D991D2BF90E007F5110 /* Utility.swift */ = {isa = PBXFileReference; fileEncoding = 4; lastKnownFileType = sourcecode.swift; path = Utility.swift; sourceTree = "<group>"; };
		91E2E0211D3B19AA00137DD4 /* CH08_AUGraphInput */ = {isa = PBXFileReference; explicitFileType = "compiled.mach-o.executable"; includeInIndex = 0; path = CH08_AUGraphInput; sourceTree = BUILT_PRODUCTS_DIR; };
		91E2E0231D3B19AA00137DD4 /* main.swift */ = {isa = PBXFileReference; lastKnownFileType = sourcecode.swift; path = main.swift; sourceTree = "<group>"; };
		91E2E0281D3B1A8000137DD4 /* Utility.swift */ = {isa = PBXFileReference; fileEncoding = 4; lastKnownFileType = sourcecode.swift; path = Utility.swift; sourceTree = "<group>"; };
		91E2E02A1D3B1EC400137DD4 /* CH08_AUGraphInput-Bridging-Header.h */ = {isa = PBXFileReference; lastKnownFileType = sourcecode.c.h; path = "CH08_AUGraphInput-Bridging-Header.h"; sourceTree = "<group>"; };
		91E2E02B1D3B1EC500137DD4 /* CARingBuffer.cpp */ = {isa = PBXFileReference; fileEncoding = 4; lastKnownFileType = sourcecode.cpp.cpp; name = CARingBuffer.cpp; path = ../../../../../../../../Library/Developer/CoreAudio/PublicUtility/CARingBuffer.cpp; sourceTree = "<group>"; };
		91E2E02C1D3B1EC500137DD4 /* CARingBuffer.h */ = {isa = PBXFileReference; explicitFileType = sourcecode.cpp.h; fileEncoding = 4; name = CARingBuffer.h; path = ../../../../../../../../Library/Developer/CoreAudio/PublicUtility/CARingBuffer.h; sourceTree = "<group>"; };
		91E53ADE1D36DB030024222A /* CH07_AUGraphSineWave */ = {isa = PBXFileReference; explicitFileType = "compiled.mach-o.executable"; includeInIndex = 0; path = CH07_AUGraphSineWave; sourceTree = BUILT_PRODUCTS_DIR; };
		91E53AE01D36DB030024222A /* main.swift */ = {isa = PBXFileReference; lastKnownFileType = sourcecode.swift; path = main.swift; sourceTree = "<group>"; };
		91E53AE51D36DF3E0024222A /* Utility.swift */ = {isa = PBXFileReference; fileEncoding = 4; lastKnownFileType = sourcecode.swift; path = Utility.swift; sourceTree = "<group>"; };
		91F84E941D289A51005DF80F /* CH01_CAMetadata */ = {isa = PBXFileReference; explicitFileType = "compiled.mach-o.executable"; includeInIndex = 0; path = CH01_CAMetadata; sourceTree = BUILT_PRODUCTS_DIR; };
		91F84E961D289A51005DF80F /* main.swift */ = {isa = PBXFileReference; lastKnownFileType = sourcecode.swift; path = main.swift; sourceTree = "<group>"; };
		91F84E9F1D289B32005DF80F /* CH02_CAToneFileGenerator */ = {isa = PBXFileReference; explicitFileType = "compiled.mach-o.executable"; includeInIndex = 0; path = CH02_CAToneFileGenerator; sourceTree = BUILT_PRODUCTS_DIR; };
		91F84EA11D289B32005DF80F /* main.swift */ = {isa = PBXFileReference; lastKnownFileType = sourcecode.swift; path = main.swift; sourceTree = "<group>"; };
		91F84EAA1D289B9A005DF80F /* CH03_CAStreamFormatTester */ = {isa = PBXFileReference; explicitFileType = "compiled.mach-o.executable"; includeInIndex = 0; path = CH03_CAStreamFormatTester; sourceTree = BUILT_PRODUCTS_DIR; };
		91F84EAC1D289B9A005DF80F /* main.swift */ = {isa = PBXFileReference; lastKnownFileType = sourcecode.swift; path = main.swift; sourceTree = "<group>"; };
		91F84EB51D289BE9005DF80F /* CH04_Recorder */ = {isa = PBXFileReference; explicitFileType = "compiled.mach-o.executable"; includeInIndex = 0; path = CH04_Recorder; sourceTree = BUILT_PRODUCTS_DIR; };
		91F84EB71D289BE9005DF80F /* main.swift */ = {isa = PBXFileReference; lastKnownFileType = sourcecode.swift; path = main.swift; sourceTree = "<group>"; };
		91F84EBC1D289C21005DF80F /* Utility.swift */ = {isa = PBXFileReference; fileEncoding = 4; lastKnownFileType = sourcecode.swift; path = Utility.swift; sourceTree = "<group>"; };
		91F84EC21D294CE2005DF80F /* CH05_Player */ = {isa = PBXFileReference; explicitFileType = "compiled.mach-o.executable"; includeInIndex = 0; path = CH05_Player; sourceTree = BUILT_PRODUCTS_DIR; };
		91F84EC41D294CE2005DF80F /* main.swift */ = {isa = PBXFileReference; lastKnownFileType = sourcecode.swift; path = main.swift; sourceTree = "<group>"; };
		91F84EC91D294E97005DF80F /* Utility.swift */ = {isa = PBXFileReference; fileEncoding = 4; lastKnownFileType = sourcecode.swift; path = Utility.swift; sourceTree = "<group>"; };
/* End PBXFileReference section */

/* Begin PBXFrameworksBuildPhase section */
		9160BE091D38419E00742CB9 /* Frameworks */ = {
			isa = PBXFrameworksBuildPhase;
			buildActionMask = 2147483647;
			files = (
			);
			runOnlyForDeploymentPostprocessing = 0;
		};
		9160BE161D39C09D00742CB9 /* Frameworks */ = {
			isa = PBXFrameworksBuildPhase;
			buildActionMask = 2147483647;
			files = (
			);
			runOnlyForDeploymentPostprocessing = 0;
		};
		919E7E031D3C65AC00D0B1AE /* Frameworks */ = {
			isa = PBXFrameworksBuildPhase;
			buildActionMask = 2147483647;
			files = (
			);
			runOnlyForDeploymentPostprocessing = 0;
		};
		91C321441D37D054004D3C65 /* Frameworks */ = {
			isa = PBXFrameworksBuildPhase;
			buildActionMask = 2147483647;
			files = (
			);
			runOnlyForDeploymentPostprocessing = 0;
		};
		91DC7D8F1D2BF6C2007F5110 /* Frameworks */ = {
			isa = PBXFrameworksBuildPhase;
			buildActionMask = 2147483647;
			files = (
			);
			runOnlyForDeploymentPostprocessing = 0;
		};
		91E2E01E1D3B19AA00137DD4 /* Frameworks */ = {
			isa = PBXFrameworksBuildPhase;
			buildActionMask = 2147483647;
			files = (
			);
			runOnlyForDeploymentPostprocessing = 0;
		};
		91E53ADB1D36DB030024222A /* Frameworks */ = {
			isa = PBXFrameworksBuildPhase;
			buildActionMask = 2147483647;
			files = (
			);
			runOnlyForDeploymentPostprocessing = 0;
		};
		91F84E911D289A51005DF80F /* Frameworks */ = {
			isa = PBXFrameworksBuildPhase;
			buildActionMask = 2147483647;
			files = (
			);
			runOnlyForDeploymentPostprocessing = 0;
		};
		91F84E9C1D289B32005DF80F /* Frameworks */ = {
			isa = PBXFrameworksBuildPhase;
			buildActionMask = 2147483647;
			files = (
			);
			runOnlyForDeploymentPostprocessing = 0;
		};
		91F84EA71D289B9A005DF80F /* Frameworks */ = {
			isa = PBXFrameworksBuildPhase;
			buildActionMask = 2147483647;
			files = (
			);
			runOnlyForDeploymentPostprocessing = 0;
		};
		91F84EB21D289BE9005DF80F /* Frameworks */ = {
			isa = PBXFrameworksBuildPhase;
			buildActionMask = 2147483647;
			files = (
			);
			runOnlyForDeploymentPostprocessing = 0;
		};
		91F84EBF1D294CE2005DF80F /* Frameworks */ = {
			isa = PBXFrameworksBuildPhase;
			buildActionMask = 2147483647;
			files = (
			);
			runOnlyForDeploymentPostprocessing = 0;
		};
/* End PBXFrameworksBuildPhase section */

/* Begin PBXGroup section */
		9160BE0D1D38419E00742CB9 /* CH07_AUGraphSpeechSynthesis */ = {
			isa = PBXGroup;
			children = (
				9160BE131D3945F300742CB9 /* Utility.swift */,
				9160BE0E1D38419E00742CB9 /* main.swift */,
			);
			path = CH07_AUGraphSpeechSynthesis;
			sourceTree = "<group>";
		};
		9160BE1A1D39C09D00742CB9 /* CH06_ExtAudioFileConverter */ = {
			isa = PBXGroup;
			children = (
				9160BE201D39C1D100742CB9 /* Utility.swift */,
				9160BE1B1D39C09D00742CB9 /* main.swift */,
			);
			path = CH06_ExtAudioFileConverter;
			sourceTree = "<group>";
		};
		919E7E071D3C65AC00D0B1AE /* CH09_OpenALOrbitLoop */ = {
			isa = PBXGroup;
			children = (
				919E7E0D1D3C660600D0B1AE /* Utility.swift */,
				919E7E081D3C65AC00D0B1AE /* main.swift */,
			);
			path = CH09_OpenALOrbitLoop;
			sourceTree = "<group>";
		};
		91C321481D37D054004D3C65 /* CH07_AUGraphPlayer */ = {
			isa = PBXGroup;
			children = (
				917D95B11D37D1C200DB2893 /* Utility.swift */,
				91C321491D37D054004D3C65 /* main.swift */,
			);
			path = CH07_AUGraphPlayer;
			sourceTree = "<group>";
		};
		91DC7D931D2BF6C2007F5110 /* CH06_AudioConverter */ = {
			isa = PBXGroup;
			children = (
				91DC7D991D2BF90E007F5110 /* Utility.swift */,
				91DC7D941D2BF6C2007F5110 /* main.swift */,
			);
			path = CH06_AudioConverter;
			sourceTree = "<group>";
		};
		91E2E0221D3B19AA00137DD4 /* CH08_AUGraphInput */ = {
			isa = PBXGroup;
			children = (
				91E2E02B1D3B1EC500137DD4 /* CARingBuffer.cpp */,
				91E2E02C1D3B1EC500137DD4 /* CARingBuffer.h */,
				91E2E0281D3B1A8000137DD4 /* Utility.swift */,
				91E2E0231D3B19AA00137DD4 /* main.swift */,
				91E2E02A1D3B1EC400137DD4 /* CH08_AUGraphInput-Bridging-Header.h */,
			);
			path = CH08_AUGraphInput;
			sourceTree = "<group>";
		};
		91E53ADF1D36DB030024222A /* CH07_AUGraphSineWave */ = {
			isa = PBXGroup;
			children = (
				91E53AE51D36DF3E0024222A /* Utility.swift */,
				91E53AE01D36DB030024222A /* main.swift */,
			);
			path = CH07_AUGraphSineWave;
			sourceTree = "<group>";
		};
		91F84E7D1D289A11005DF80F = {
			isa = PBXGroup;
			children = (
				919E7E0F1D3D424F00D0B1AE /* README.md */,
				91F84E951D289A51005DF80F /* CH01_CAMetadata */,
				91F84EA01D289B32005DF80F /* CH02_CAToneFileGenerator */,
				91F84EAB1D289B9A005DF80F /* CH03_CAStreamFormatTester */,
				91F84EB61D289BE9005DF80F /* CH04_Recorder */,
				91F84EC31D294CE2005DF80F /* CH05_Player */,
				91DC7D931D2BF6C2007F5110 /* CH06_AudioConverter */,
				9160BE1A1D39C09D00742CB9 /* CH06_ExtAudioFileConverter */,
				91C321481D37D054004D3C65 /* CH07_AUGraphPlayer */,
				91E53ADF1D36DB030024222A /* CH07_AUGraphSineWave */,
				9160BE0D1D38419E00742CB9 /* CH07_AUGraphSpeechSynthesis */,
				91E2E0221D3B19AA00137DD4 /* CH08_AUGraphInput */,
				919E7E071D3C65AC00D0B1AE /* CH09_OpenALOrbitLoop */,
				91F84E871D289A11005DF80F /* Products */,
			);
			sourceTree = "<group>";
		};
		91F84E871D289A11005DF80F /* Products */ = {
			isa = PBXGroup;
			children = (
				91F84E941D289A51005DF80F /* CH01_CAMetadata */,
				91F84E9F1D289B32005DF80F /* CH02_CAToneFileGenerator */,
				91F84EAA1D289B9A005DF80F /* CH03_CAStreamFormatTester */,
				91F84EB51D289BE9005DF80F /* CH04_Recorder */,
				91F84EC21D294CE2005DF80F /* CH05_Player */,
				91DC7D921D2BF6C2007F5110 /* CH06_AudioConverter */,
				91E53ADE1D36DB030024222A /* CH07_AUGraphSineWave */,
				91C321471D37D054004D3C65 /* CH07_AUGraphPlayer */,
				9160BE0C1D38419E00742CB9 /* CH07_AUGraphSpeechSynthesis */,
				9160BE191D39C09D00742CB9 /* CH06_ExtAudioFileConverter */,
				91E2E0211D3B19AA00137DD4 /* CH08_AUGraphInput */,
				919E7E061D3C65AC00D0B1AE /* CH09_OpenALOrbitLoop */,
			);
			name = Products;
			sourceTree = "<group>";
		};
		91F84E951D289A51005DF80F /* CH01_CAMetadata */ = {
			isa = PBXGroup;
			children = (
				91F84E961D289A51005DF80F /* main.swift */,
			);
			path = CH01_CAMetadata;
			sourceTree = "<group>";
		};
		91F84EA01D289B32005DF80F /* CH02_CAToneFileGenerator */ = {
			isa = PBXGroup;
			children = (
				91F84EA11D289B32005DF80F /* main.swift */,
			);
			path = CH02_CAToneFileGenerator;
			sourceTree = "<group>";
		};
		91F84EAB1D289B9A005DF80F /* CH03_CAStreamFormatTester */ = {
			isa = PBXGroup;
			children = (
				91F84EAC1D289B9A005DF80F /* main.swift */,
			);
			path = CH03_CAStreamFormatTester;
			sourceTree = "<group>";
		};
		91F84EB61D289BE9005DF80F /* CH04_Recorder */ = {
			isa = PBXGroup;
			children = (
				91F84EBC1D289C21005DF80F /* Utility.swift */,
				91F84EB71D289BE9005DF80F /* main.swift */,
			);
			path = CH04_Recorder;
			sourceTree = "<group>";
		};
		91F84EC31D294CE2005DF80F /* CH05_Player */ = {
			isa = PBXGroup;
			children = (
				91F84EC91D294E97005DF80F /* Utility.swift */,
				91F84EC41D294CE2005DF80F /* main.swift */,
			);
			path = CH05_Player;
			sourceTree = "<group>";
		};
/* End PBXGroup section */

/* Begin PBXNativeTarget section */
		9160BE0B1D38419E00742CB9 /* CH07_AUGraphSpeechSynthesis */ = {
			isa = PBXNativeTarget;
			buildConfigurationList = 9160BE121D38419F00742CB9 /* Build configuration list for PBXNativeTarget "CH07_AUGraphSpeechSynthesis" */;
			buildPhases = (
				9160BE081D38419E00742CB9 /* Sources */,
				9160BE091D38419E00742CB9 /* Frameworks */,
				9160BE0A1D38419E00742CB9 /* CopyFiles */,
			);
			buildRules = (
			);
			dependencies = (
			);
			name = CH07_AUGraphSpeechSynthesis;
			productName = CH07_AUGraphSpeechSynthesis;
			productReference = 9160BE0C1D38419E00742CB9 /* CH07_AUGraphSpeechSynthesis */;
			productType = "com.apple.product-type.tool";
		};
		9160BE181D39C09D00742CB9 /* CH06_ExtAudioFileConverter */ = {
			isa = PBXNativeTarget;
			buildConfigurationList = 9160BE1D1D39C09D00742CB9 /* Build configuration list for PBXNativeTarget "CH06_ExtAudioFileConverter" */;
			buildPhases = (
				9160BE151D39C09D00742CB9 /* Sources */,
				9160BE161D39C09D00742CB9 /* Frameworks */,
				9160BE171D39C09D00742CB9 /* CopyFiles */,
			);
			buildRules = (
			);
			dependencies = (
			);
			name = CH06_ExtAudioFileConverter;
			productName = CH06_ExtAudioFileConverter;
			productReference = 9160BE191D39C09D00742CB9 /* CH06_ExtAudioFileConverter */;
			productType = "com.apple.product-type.tool";
		};
		919E7E051D3C65AC00D0B1AE /* CH09_OpenALOrbitLoop */ = {
			isa = PBXNativeTarget;
			buildConfigurationList = 919E7E0C1D3C65AC00D0B1AE /* Build configuration list for PBXNativeTarget "CH09_OpenALOrbitLoop" */;
			buildPhases = (
				919E7E021D3C65AC00D0B1AE /* Sources */,
				919E7E031D3C65AC00D0B1AE /* Frameworks */,
				919E7E041D3C65AC00D0B1AE /* CopyFiles */,
			);
			buildRules = (
			);
			dependencies = (
			);
			name = CH09_OpenALOrbitLoop;
			productName = CH09_OpenALOrbitLoop;
			productReference = 919E7E061D3C65AC00D0B1AE /* CH09_OpenALOrbitLoop */;
			productType = "com.apple.product-type.tool";
		};
		91C321461D37D054004D3C65 /* CH07_AUGraphPlayer */ = {
			isa = PBXNativeTarget;
			buildConfigurationList = 91C3214D1D37D054004D3C65 /* Build configuration list for PBXNativeTarget "CH07_AUGraphPlayer" */;
			buildPhases = (
				91C321431D37D054004D3C65 /* Sources */,
				91C321441D37D054004D3C65 /* Frameworks */,
				91C321451D37D054004D3C65 /* CopyFiles */,
			);
			buildRules = (
			);
			dependencies = (
			);
			name = CH07_AUGraphPlayer;
			productName = CH07_AUGraphPlayer;
			productReference = 91C321471D37D054004D3C65 /* CH07_AUGraphPlayer */;
			productType = "com.apple.product-type.tool";
		};
		91DC7D911D2BF6C2007F5110 /* CH06_AudioConverter */ = {
			isa = PBXNativeTarget;
			buildConfigurationList = 91DC7D981D2BF6C2007F5110 /* Build configuration list for PBXNativeTarget "CH06_AudioConverter" */;
			buildPhases = (
				91DC7D8E1D2BF6C2007F5110 /* Sources */,
				91DC7D8F1D2BF6C2007F5110 /* Frameworks */,
				91DC7D901D2BF6C2007F5110 /* CopyFiles */,
			);
			buildRules = (
			);
			dependencies = (
			);
			name = CH06_AudioConverter;
			productName = CH06_AudioConverter;
			productReference = 91DC7D921D2BF6C2007F5110 /* CH06_AudioConverter */;
			productType = "com.apple.product-type.tool";
		};
		91E2E0201D3B19AA00137DD4 /* CH08_AUGraphInput */ = {
			isa = PBXNativeTarget;
			buildConfigurationList = 91E2E0271D3B19AA00137DD4 /* Build configuration list for PBXNativeTarget "CH08_AUGraphInput" */;
			buildPhases = (
				91E2E01D1D3B19AA00137DD4 /* Sources */,
				91E2E01E1D3B19AA00137DD4 /* Frameworks */,
				91E2E01F1D3B19AA00137DD4 /* CopyFiles */,
			);
			buildRules = (
			);
			dependencies = (
			);
			name = CH08_AUGraphInput;
			productName = CH08_AUGraphInput;
			productReference = 91E2E0211D3B19AA00137DD4 /* CH08_AUGraphInput */;
			productType = "com.apple.product-type.tool";
		};
		91E53ADD1D36DB030024222A /* CH07_AUGraphSineWave */ = {
			isa = PBXNativeTarget;
			buildConfigurationList = 91E53AE41D36DB030024222A /* Build configuration list for PBXNativeTarget "CH07_AUGraphSineWave" */;
			buildPhases = (
				91E53ADA1D36DB030024222A /* Sources */,
				91E53ADB1D36DB030024222A /* Frameworks */,
				91E53ADC1D36DB030024222A /* CopyFiles */,
			);
			buildRules = (
			);
			dependencies = (
			);
			name = CH07_AUGraphSineWave;
			productName = CH07_AUGraphSineWave;
			productReference = 91E53ADE1D36DB030024222A /* CH07_AUGraphSineWave */;
			productType = "com.apple.product-type.tool";
		};
		91F84E931D289A51005DF80F /* CH01_CAMetadata */ = {
			isa = PBXNativeTarget;
			buildConfigurationList = 91F84E981D289A51005DF80F /* Build configuration list for PBXNativeTarget "CH01_CAMetadata" */;
			buildPhases = (
				91F84E901D289A51005DF80F /* Sources */,
				91F84E911D289A51005DF80F /* Frameworks */,
				91F84E921D289A51005DF80F /* CopyFiles */,
			);
			buildRules = (
			);
			dependencies = (
			);
			name = CH01_CAMetadata;
			productName = CH01_CAMetadata;
			productReference = 91F84E941D289A51005DF80F /* CH01_CAMetadata */;
			productType = "com.apple.product-type.tool";
		};
		91F84E9E1D289B32005DF80F /* CH02_CAToneFileGenerator */ = {
			isa = PBXNativeTarget;
			buildConfigurationList = 91F84EA31D289B32005DF80F /* Build configuration list for PBXNativeTarget "CH02_CAToneFileGenerator" */;
			buildPhases = (
				91F84E9B1D289B32005DF80F /* Sources */,
				91F84E9C1D289B32005DF80F /* Frameworks */,
				91F84E9D1D289B32005DF80F /* CopyFiles */,
			);
			buildRules = (
			);
			dependencies = (
			);
			name = CH02_CAToneFileGenerator;
			productName = CH02_CAToneFileGenerator;
			productReference = 91F84E9F1D289B32005DF80F /* CH02_CAToneFileGenerator */;
			productType = "com.apple.product-type.tool";
		};
		91F84EA91D289B9A005DF80F /* CH03_CAStreamFormatTester */ = {
			isa = PBXNativeTarget;
			buildConfigurationList = 91F84EAE1D289B9A005DF80F /* Build configuration list for PBXNativeTarget "CH03_CAStreamFormatTester" */;
			buildPhases = (
				91F84EA61D289B9A005DF80F /* Sources */,
				91F84EA71D289B9A005DF80F /* Frameworks */,
				91F84EA81D289B9A005DF80F /* CopyFiles */,
			);
			buildRules = (
			);
			dependencies = (
			);
			name = CH03_CAStreamFormatTester;
			productName = CH03_CAStreamFormatTester;
			productReference = 91F84EAA1D289B9A005DF80F /* CH03_CAStreamFormatTester */;
			productType = "com.apple.product-type.tool";
		};
		91F84EB41D289BE9005DF80F /* CH04_Recorder */ = {
			isa = PBXNativeTarget;
			buildConfigurationList = 91F84EB91D289BE9005DF80F /* Build configuration list for PBXNativeTarget "CH04_Recorder" */;
			buildPhases = (
				91F84EB11D289BE9005DF80F /* Sources */,
				91F84EB21D289BE9005DF80F /* Frameworks */,
				91F84EB31D289BE9005DF80F /* CopyFiles */,
			);
			buildRules = (
			);
			dependencies = (
			);
			name = CH04_Recorder;
			productName = CH04_Recorder;
			productReference = 91F84EB51D289BE9005DF80F /* CH04_Recorder */;
			productType = "com.apple.product-type.tool";
		};
		91F84EC11D294CE2005DF80F /* CH05_Player */ = {
			isa = PBXNativeTarget;
			buildConfigurationList = 91F84EC81D294CE2005DF80F /* Build configuration list for PBXNativeTarget "CH05_Player" */;
			buildPhases = (
				91F84EBE1D294CE2005DF80F /* Sources */,
				91F84EBF1D294CE2005DF80F /* Frameworks */,
				91F84EC01D294CE2005DF80F /* CopyFiles */,
			);
			buildRules = (
			);
			dependencies = (
			);
			name = CH05_Player;
			productName = CH05_Player;
			productReference = 91F84EC21D294CE2005DF80F /* CH05_Player */;
			productType = "com.apple.product-type.tool";
		};
/* End PBXNativeTarget section */

/* Begin PBXProject section */
		91F84E7E1D289A11005DF80F /* Project object */ = {
			isa = PBXProject;
			attributes = {
				LastSwiftUpdateCheck = 0800;
				LastUpgradeCheck = 0800;
				ORGANIZATIONNAME = "Douglas Adams";
				TargetAttributes = {
					9160BE0B1D38419E00742CB9 = {
						CreatedOnToolsVersion = 8.0;
						DevelopmentTeam = EE5B8TYXGA;
						DevelopmentTeamName = "Douglas Adams";
						ProvisioningStyle = Automatic;
					};
					9160BE181D39C09D00742CB9 = {
						CreatedOnToolsVersion = 8.0;
						DevelopmentTeam = EE5B8TYXGA;
						DevelopmentTeamName = "Douglas Adams";
						ProvisioningStyle = Automatic;
					};
					919E7E051D3C65AC00D0B1AE = {
						CreatedOnToolsVersion = 8.0;
						DevelopmentTeam = EE5B8TYXGA;
						DevelopmentTeamName = "Douglas Adams";
						ProvisioningStyle = Automatic;
					};
					91C321461D37D054004D3C65 = {
						CreatedOnToolsVersion = 8.0;
						DevelopmentTeam = EE5B8TYXGA;
						DevelopmentTeamName = "Douglas Adams";
						ProvisioningStyle = Automatic;
					};
					91DC7D911D2BF6C2007F5110 = {
						CreatedOnToolsVersion = 8.0;
						DevelopmentTeam = EE5B8TYXGA;
						DevelopmentTeamName = "Douglas Adams";
						ProvisioningStyle = Automatic;
					};
					91E2E0201D3B19AA00137DD4 = {
						CreatedOnToolsVersion = 8.0;
						DevelopmentTeam = EE5B8TYXGA;
						DevelopmentTeamName = "Douglas Adams";
						LastSwiftMigration = 0800;
						ProvisioningStyle = Automatic;
					};
					91E53ADD1D36DB030024222A = {
						CreatedOnToolsVersion = 8.0;
						DevelopmentTeam = EE5B8TYXGA;
						DevelopmentTeamName = "Douglas Adams";
						ProvisioningStyle = Automatic;
					};
					91F84E931D289A51005DF80F = {
						CreatedOnToolsVersion = 8.0;
						DevelopmentTeam = EE5B8TYXGA;
						DevelopmentTeamName = "Douglas Adams";
						ProvisioningStyle = Automatic;
					};
					91F84E9E1D289B32005DF80F = {
						CreatedOnToolsVersion = 8.0;
						DevelopmentTeam = EE5B8TYXGA;
						DevelopmentTeamName = "Douglas Adams";
						ProvisioningStyle = Automatic;
					};
					91F84EA91D289B9A005DF80F = {
						CreatedOnToolsVersion = 8.0;
						DevelopmentTeam = EE5B8TYXGA;
						DevelopmentTeamName = "Douglas Adams";
						ProvisioningStyle = Automatic;
					};
					91F84EB41D289BE9005DF80F = {
						CreatedOnToolsVersion = 8.0;
						DevelopmentTeam = EE5B8TYXGA;
						DevelopmentTeamName = "Douglas Adams";
						ProvisioningStyle = Automatic;
					};
					91F84EC11D294CE2005DF80F = {
						CreatedOnToolsVersion = 8.0;
						DevelopmentTeam = EE5B8TYXGA;
						DevelopmentTeamName = "Douglas Adams";
						ProvisioningStyle = Automatic;
					};
				};
			};
			buildConfigurationList = 91F84E811D289A11005DF80F /* Build configuration list for PBXProject "SwiftCoreAudio" */;
			compatibilityVersion = "Xcode 3.2";
			developmentRegion = English;
			hasScannedForEncodings = 0;
			knownRegions = (
				en,
			);
			mainGroup = 91F84E7D1D289A11005DF80F;
			productRefGroup = 91F84E871D289A11005DF80F /* Products */;
			projectDirPath = "";
			projectRoot = "";
			targets = (
				91F84E931D289A51005DF80F /* CH01_CAMetadata */,
				91F84E9E1D289B32005DF80F /* CH02_CAToneFileGenerator */,
				91F84EA91D289B9A005DF80F /* CH03_CAStreamFormatTester */,
				91F84EB41D289BE9005DF80F /* CH04_Recorder */,
				91F84EC11D294CE2005DF80F /* CH05_Player */,
				91DC7D911D2BF6C2007F5110 /* CH06_AudioConverter */,
				91E53ADD1D36DB030024222A /* CH07_AUGraphSineWave */,
				91C321461D37D054004D3C65 /* CH07_AUGraphPlayer */,
				9160BE0B1D38419E00742CB9 /* CH07_AUGraphSpeechSynthesis */,
				9160BE181D39C09D00742CB9 /* CH06_ExtAudioFileConverter */,
				91E2E0201D3B19AA00137DD4 /* CH08_AUGraphInput */,
				919E7E051D3C65AC00D0B1AE /* CH09_OpenALOrbitLoop */,
			);
		};
/* End PBXProject section */

/* Begin PBXSourcesBuildPhase section */
		9160BE081D38419E00742CB9 /* Sources */ = {
			isa = PBXSourcesBuildPhase;
			buildActionMask = 2147483647;
			files = (
				9160BE141D3945F300742CB9 /* Utility.swift in Sources */,
				9160BE0F1D38419F00742CB9 /* main.swift in Sources */,
			);
			runOnlyForDeploymentPostprocessing = 0;
		};
		9160BE151D39C09D00742CB9 /* Sources */ = {
			isa = PBXSourcesBuildPhase;
			buildActionMask = 2147483647;
			files = (
				9160BE211D39C1D100742CB9 /* Utility.swift in Sources */,
				9160BE1C1D39C09D00742CB9 /* main.swift in Sources */,
			);
			runOnlyForDeploymentPostprocessing = 0;
		};
		919E7E021D3C65AC00D0B1AE /* Sources */ = {
			isa = PBXSourcesBuildPhase;
			buildActionMask = 2147483647;
			files = (
				919E7E101D3D424F00D0B1AE /* README.md in Sources */,
				919E7E0E1D3C660600D0B1AE /* Utility.swift in Sources */,
				919E7E091D3C65AC00D0B1AE /* main.swift in Sources */,
			);
			runOnlyForDeploymentPostprocessing = 0;
		};
		91C321431D37D054004D3C65 /* Sources */ = {
			isa = PBXSourcesBuildPhase;
			buildActionMask = 2147483647;
			files = (
				917D95B21D37D1C200DB2893 /* Utility.swift in Sources */,
				91C3214A1D37D054004D3C65 /* main.swift in Sources */,
			);
			runOnlyForDeploymentPostprocessing = 0;
		};
		91DC7D8E1D2BF6C2007F5110 /* Sources */ = {
			isa = PBXSourcesBuildPhase;
			buildActionMask = 2147483647;
			files = (
				91DC7D9A1D2BF90E007F5110 /* Utility.swift in Sources */,
				91DC7D951D2BF6C2007F5110 /* main.swift in Sources */,
			);
			runOnlyForDeploymentPostprocessing = 0;
		};
		91E2E01D1D3B19AA00137DD4 /* Sources */ = {
			isa = PBXSourcesBuildPhase;
			buildActionMask = 2147483647;
			files = (
				91E2E02D1D3B1EC500137DD4 /* CARingBuffer.cpp in Sources */,
				91E2E0291D3B1A8000137DD4 /* Utility.swift in Sources */,
				91E2E0241D3B19AA00137DD4 /* main.swift in Sources */,
			);
			runOnlyForDeploymentPostprocessing = 0;
		};
		91E53ADA1D36DB030024222A /* Sources */ = {
			isa = PBXSourcesBuildPhase;
			buildActionMask = 2147483647;
			files = (
				91E53AE61D36DF3E0024222A /* Utility.swift in Sources */,
				91E53AE11D36DB030024222A /* main.swift in Sources */,
			);
			runOnlyForDeploymentPostprocessing = 0;
		};
		91F84E901D289A51005DF80F /* Sources */ = {
			isa = PBXSourcesBuildPhase;
			buildActionMask = 2147483647;
			files = (
				91F84E971D289A51005DF80F /* main.swift in Sources */,
			);
			runOnlyForDeploymentPostprocessing = 0;
		};
		91F84E9B1D289B32005DF80F /* Sources */ = {
			isa = PBXSourcesBuildPhase;
			buildActionMask = 2147483647;
			files = (
				91F84EA21D289B32005DF80F /* main.swift in Sources */,
			);
			runOnlyForDeploymentPostprocessing = 0;
		};
		91F84EA61D289B9A005DF80F /* Sources */ = {
			isa = PBXSourcesBuildPhase;
			buildActionMask = 2147483647;
			files = (
				91F84EAD1D289B9A005DF80F /* main.swift in Sources */,
			);
			runOnlyForDeploymentPostprocessing = 0;
		};
		91F84EB11D289BE9005DF80F /* Sources */ = {
			isa = PBXSourcesBuildPhase;
			buildActionMask = 2147483647;
			files = (
				91F84EBD1D289C21005DF80F /* Utility.swift in Sources */,
				91F84EB81D289BE9005DF80F /* main.swift in Sources */,
			);
			runOnlyForDeploymentPostprocessing = 0;
		};
		91F84EBE1D294CE2005DF80F /* Sources */ = {
			isa = PBXSourcesBuildPhase;
			buildActionMask = 2147483647;
			files = (
				91F84ECA1D294E97005DF80F /* Utility.swift in Sources */,
				91F84EC51D294CE2005DF80F /* main.swift in Sources */,
			);
			runOnlyForDeploymentPostprocessing = 0;
		};
/* End PBXSourcesBuildPhase section */

/* Begin XCBuildConfiguration section */
		9160BE101D38419F00742CB9 /* Debug */ = {
			isa = XCBuildConfiguration;
			buildSettings = {
				PRODUCT_NAME = "$(TARGET_NAME)";
			};
			name = Debug;
		};
		9160BE111D38419F00742CB9 /* Release */ = {
			isa = XCBuildConfiguration;
			buildSettings = {
				PRODUCT_NAME = "$(TARGET_NAME)";
			};
			name = Release;
		};
		9160BE1E1D39C09D00742CB9 /* Debug */ = {
			isa = XCBuildConfiguration;
			buildSettings = {
				PRODUCT_NAME = "$(TARGET_NAME)";
			};
			name = Debug;
		};
		9160BE1F1D39C09D00742CB9 /* Release */ = {
			isa = XCBuildConfiguration;
			buildSettings = {
				PRODUCT_NAME = "$(TARGET_NAME)";
			};
			name = Release;
		};
		919E7E0A1D3C65AC00D0B1AE /* Debug */ = {
			isa = XCBuildConfiguration;
			buildSettings = {
				PRODUCT_NAME = "$(TARGET_NAME)";
			};
			name = Debug;
		};
		919E7E0B1D3C65AC00D0B1AE /* Release */ = {
			isa = XCBuildConfiguration;
			buildSettings = {
				PRODUCT_NAME = "$(TARGET_NAME)";
			};
			name = Release;
		};
		91C3214B1D37D054004D3C65 /* Debug */ = {
			isa = XCBuildConfiguration;
			buildSettings = {
				PRODUCT_NAME = "$(TARGET_NAME)";
			};
			name = Debug;
		};
		91C3214C1D37D054004D3C65 /* Release */ = {
			isa = XCBuildConfiguration;
			buildSettings = {
				PRODUCT_NAME = "$(TARGET_NAME)";
			};
			name = Release;
		};
		91DC7D961D2BF6C2007F5110 /* Debug */ = {
			isa = XCBuildConfiguration;
			buildSettings = {
				PRODUCT_NAME = "$(TARGET_NAME)";
			};
			name = Debug;
		};
		91DC7D971D2BF6C2007F5110 /* Release */ = {
			isa = XCBuildConfiguration;
			buildSettings = {
				PRODUCT_NAME = "$(TARGET_NAME)";
			};
			name = Release;
		};
		91E2E0251D3B19AA00137DD4 /* Debug */ = {
			isa = XCBuildConfiguration;
			buildSettings = {
				CLANG_ENABLE_MODULES = YES;
				LD_RUNPATH_SEARCH_PATHS = "$(inherited) @executable_path/../Frameworks @loader_path/../Frameworks";
				PRODUCT_NAME = "$(TARGET_NAME)";
				SWIFT_OBJC_BRIDGING_HEADER = "CH08_AUGraphInput/CH08_AUGraphInput-Bridging-Header.h";
				SWIFT_OPTIMIZATION_LEVEL = "-Onone";
				SWIFT_VERSION = 3.0;
			};
			name = Debug;
		};
		91E2E0261D3B19AA00137DD4 /* Release */ = {
			isa = XCBuildConfiguration;
			buildSettings = {
				CLANG_ENABLE_MODULES = YES;
				LD_RUNPATH_SEARCH_PATHS = "$(inherited) @executable_path/../Frameworks @loader_path/../Frameworks";
				PRODUCT_NAME = "$(TARGET_NAME)";
				SWIFT_OBJC_BRIDGING_HEADER = "CH08_AUGraphInput/CH08_AUGraphInput-Bridging-Header.h";
				SWIFT_VERSION = 3.0;
			};
			name = Release;
		};
		91E53AE21D36DB030024222A /* Debug */ = {
			isa = XCBuildConfiguration;
			buildSettings = {
				PRODUCT_NAME = "$(TARGET_NAME)";
			};
			name = Debug;
		};
		91E53AE31D36DB030024222A /* Release */ = {
			isa = XCBuildConfiguration;
			buildSettings = {
				PRODUCT_NAME = "$(TARGET_NAME)";
			};
			name = Release;
		};
		91F84E8B1D289A11005DF80F /* Debug */ = {
			isa = XCBuildConfiguration;
			buildSettings = {
				ALWAYS_SEARCH_USER_PATHS = NO;
				CLANG_ANALYZER_NONNULL = YES;
				CLANG_CXX_LANGUAGE_STANDARD = "gnu++0x";
				CLANG_CXX_LIBRARY = "libc++";
				CLANG_ENABLE_MODULES = YES;
				CLANG_ENABLE_OBJC_ARC = YES;
				CLANG_WARN_BOOL_CONVERSION = YES;
				CLANG_WARN_CONSTANT_CONVERSION = YES;
				CLANG_WARN_DIRECT_OBJC_ISA_USAGE = YES_ERROR;
				CLANG_WARN_DOCUMENTATION_COMMENTS = YES;
				CLANG_WARN_EMPTY_BODY = YES;
				CLANG_WARN_ENUM_CONVERSION = YES;
				CLANG_WARN_INT_CONVERSION = YES;
				CLANG_WARN_OBJC_ROOT_CLASS = YES_ERROR;
				CLANG_WARN_UNREACHABLE_CODE = YES;
				CLANG_WARN__DUPLICATE_METHOD_MATCH = YES;
				CODE_SIGN_IDENTITY = "-";
				COPY_PHASE_STRIP = NO;
				DEBUG_INFORMATION_FORMAT = dwarf;
				ENABLE_STRICT_OBJC_MSGSEND = YES;
				ENABLE_TESTABILITY = YES;
				GCC_C_LANGUAGE_STANDARD = gnu99;
				GCC_DYNAMIC_NO_PIC = NO;
				GCC_NO_COMMON_BLOCKS = YES;
				GCC_OPTIMIZATION_LEVEL = 0;
				GCC_PREPROCESSOR_DEFINITIONS = (
					"DEBUG=1",
					"$(inherited)",
				);
				GCC_WARN_64_TO_32_BIT_CONVERSION = YES;
				GCC_WARN_ABOUT_RETURN_TYPE = YES_ERROR;
				GCC_WARN_UNDECLARED_SELECTOR = YES;
				GCC_WARN_UNINITIALIZED_AUTOS = YES_AGGRESSIVE;
				GCC_WARN_UNUSED_FUNCTION = YES;
				GCC_WARN_UNUSED_VARIABLE = YES;
				MACOSX_DEPLOYMENT_TARGET = 10.11;
				MTL_ENABLE_DEBUG_INFO = YES;
				ONLY_ACTIVE_ARCH = YES;
				SDKROOT = macosx;
				SWIFT_OPTIMIZATION_LEVEL = "-Onone";
			};
			name = Debug;
		};
		91F84E8C1D289A11005DF80F /* Release */ = {
			isa = XCBuildConfiguration;
			buildSettings = {
				ALWAYS_SEARCH_USER_PATHS = NO;
				CLANG_ANALYZER_NONNULL = YES;
				CLANG_CXX_LANGUAGE_STANDARD = "gnu++0x";
				CLANG_CXX_LIBRARY = "libc++";
				CLANG_ENABLE_MODULES = YES;
				CLANG_ENABLE_OBJC_ARC = YES;
				CLANG_WARN_BOOL_CONVERSION = YES;
				CLANG_WARN_CONSTANT_CONVERSION = YES;
				CLANG_WARN_DIRECT_OBJC_ISA_USAGE = YES_ERROR;
				CLANG_WARN_DOCUMENTATION_COMMENTS = YES;
				CLANG_WARN_EMPTY_BODY = YES;
				CLANG_WARN_ENUM_CONVERSION = YES;
				CLANG_WARN_INT_CONVERSION = YES;
				CLANG_WARN_OBJC_ROOT_CLASS = YES_ERROR;
				CLANG_WARN_UNREACHABLE_CODE = YES;
				CLANG_WARN__DUPLICATE_METHOD_MATCH = YES;
				CODE_SIGN_IDENTITY = "-";
				COPY_PHASE_STRIP = NO;
				DEBUG_INFORMATION_FORMAT = "dwarf-with-dsym";
				ENABLE_NS_ASSERTIONS = NO;
				ENABLE_STRICT_OBJC_MSGSEND = YES;
				GCC_C_LANGUAGE_STANDARD = gnu99;
				GCC_NO_COMMON_BLOCKS = YES;
				GCC_WARN_64_TO_32_BIT_CONVERSION = YES;
				GCC_WARN_ABOUT_RETURN_TYPE = YES_ERROR;
				GCC_WARN_UNDECLARED_SELECTOR = YES;
				GCC_WARN_UNINITIALIZED_AUTOS = YES_AGGRESSIVE;
				GCC_WARN_UNUSED_FUNCTION = YES;
				GCC_WARN_UNUSED_VARIABLE = YES;
				MACOSX_DEPLOYMENT_TARGET = 10.11;
				MTL_ENABLE_DEBUG_INFO = NO;
				SDKROOT = macosx;
			};
			name = Release;
		};
		91F84E991D289A51005DF80F /* Debug */ = {
			isa = XCBuildConfiguration;
			buildSettings = {
				PRODUCT_NAME = "$(TARGET_NAME)";
			};
			name = Debug;
		};
		91F84E9A1D289A51005DF80F /* Release */ = {
			isa = XCBuildConfiguration;
			buildSettings = {
				PRODUCT_NAME = "$(TARGET_NAME)";
			};
			name = Release;
		};
		91F84EA41D289B32005DF80F /* Debug */ = {
			isa = XCBuildConfiguration;
			buildSettings = {
				PRODUCT_NAME = "$(TARGET_NAME)";
			};
			name = Debug;
		};
		91F84EA51D289B32005DF80F /* Release */ = {
			isa = XCBuildConfiguration;
			buildSettings = {
				PRODUCT_NAME = "$(TARGET_NAME)";
			};
			name = Release;
		};
		91F84EAF1D289B9A005DF80F /* Debug */ = {
			isa = XCBuildConfiguration;
			buildSettings = {
				PRODUCT_NAME = "$(TARGET_NAME)";
			};
			name = Debug;
		};
		91F84EB01D289B9A005DF80F /* Release */ = {
			isa = XCBuildConfiguration;
			buildSettings = {
				PRODUCT_NAME = "$(TARGET_NAME)";
			};
			name = Release;
		};
		91F84EBA1D289BE9005DF80F /* Debug */ = {
			isa = XCBuildConfiguration;
			buildSettings = {
				PRODUCT_NAME = "$(TARGET_NAME)";
			};
			name = Debug;
		};
		91F84EBB1D289BE9005DF80F /* Release */ = {
			isa = XCBuildConfiguration;
			buildSettings = {
				PRODUCT_NAME = "$(TARGET_NAME)";
			};
			name = Release;
		};
		91F84EC61D294CE2005DF80F /* Debug */ = {
			isa = XCBuildConfiguration;
			buildSettings = {
				PRODUCT_NAME = "$(TARGET_NAME)";
			};
			name = Debug;
		};
		91F84EC71D294CE2005DF80F /* Release */ = {
			isa = XCBuildConfiguration;
			buildSettings = {
				PRODUCT_NAME = "$(TARGET_NAME)";
			};
			name = Release;
		};
/* End XCBuildConfiguration section */

/* Begin XCConfigurationList section */
		9160BE121D38419F00742CB9 /* Build configuration list for PBXNativeTarget "CH07_AUGraphSpeechSynthesis" */ = {
			isa = XCConfigurationList;
			buildConfigurations = (
				9160BE101D38419F00742CB9 /* Debug */,
				9160BE111D38419F00742CB9 /* Release */,
			);
			defaultConfigurationIsVisible = 0;
			defaultConfigurationName = Release;
		};
		9160BE1D1D39C09D00742CB9 /* Build configuration list for PBXNativeTarget "CH06_ExtAudioFileConverter" */ = {
			isa = XCConfigurationList;
			buildConfigurations = (
				9160BE1E1D39C09D00742CB9 /* Debug */,
				9160BE1F1D39C09D00742CB9 /* Release */,
			);
			defaultConfigurationIsVisible = 0;
			defaultConfigurationName = Release;
		};
		919E7E0C1D3C65AC00D0B1AE /* Build configuration list for PBXNativeTarget "CH09_OpenALOrbitLoop" */ = {
			isa = XCConfigurationList;
			buildConfigurations = (
				919E7E0A1D3C65AC00D0B1AE /* Debug */,
				919E7E0B1D3C65AC00D0B1AE /* Release */,
			);
			defaultConfigurationIsVisible = 0;
		};
		91C3214D1D37D054004D3C65 /* Build configuration list for PBXNativeTarget "CH07_AUGraphPlayer" */ = {
			isa = XCConfigurationList;
			buildConfigurations = (
				91C3214B1D37D054004D3C65 /* Debug */,
				91C3214C1D37D054004D3C65 /* Release */,
			);
			defaultConfigurationIsVisible = 0;
			defaultConfigurationName = Release;
		};
		91DC7D981D2BF6C2007F5110 /* Build configuration list for PBXNativeTarget "CH06_AudioConverter" */ = {
			isa = XCConfigurationList;
			buildConfigurations = (
				91DC7D961D2BF6C2007F5110 /* Debug */,
				91DC7D971D2BF6C2007F5110 /* Release */,
			);
			defaultConfigurationIsVisible = 0;
			defaultConfigurationName = Release;
		};
		91E2E0271D3B19AA00137DD4 /* Build configuration list for PBXNativeTarget "CH08_AUGraphInput" */ = {
			isa = XCConfigurationList;
			buildConfigurations = (
				91E2E0251D3B19AA00137DD4 /* Debug */,
				91E2E0261D3B19AA00137DD4 /* Release */,
			);
			defaultConfigurationIsVisible = 0;
			defaultConfigurationName = Release;
		};
		91E53AE41D36DB030024222A /* Build configuration list for PBXNativeTarget "CH07_AUGraphSineWave" */ = {
			isa = XCConfigurationList;
			buildConfigurations = (
				91E53AE21D36DB030024222A /* Debug */,
				91E53AE31D36DB030024222A /* Release */,
			);
			defaultConfigurationIsVisible = 0;
			defaultConfigurationName = Release;
		};
		91F84E811D289A11005DF80F /* Build configuration list for PBXProject "SwiftCoreAudio" */ = {
			isa = XCConfigurationList;
			buildConfigurations = (
				91F84E8B1D289A11005DF80F /* Debug */,
				91F84E8C1D289A11005DF80F /* Release */,
			);
			defaultConfigurationIsVisible = 0;
			defaultConfigurationName = Release;
		};
		91F84E981D289A51005DF80F /* Build configuration list for PBXNativeTarget "CH01_CAMetadata" */ = {
			isa = XCConfigurationList;
			buildConfigurations = (
				91F84E991D289A51005DF80F /* Debug */,
				91F84E9A1D289A51005DF80F /* Release */,
			);
			defaultConfigurationIsVisible = 0;
			defaultConfigurationName = Release;
		};
		91F84EA31D289B32005DF80F /* Build configuration list for PBXNativeTarget "CH02_CAToneFileGenerator" */ = {
			isa = XCConfigurationList;
			buildConfigurations = (
				91F84EA41D289B32005DF80F /* Debug */,
				91F84EA51D289B32005DF80F /* Release */,
			);
			defaultConfigurationIsVisible = 0;
			defaultConfigurationName = Release;
		};
		91F84EAE1D289B9A005DF80F /* Build configuration list for PBXNativeTarget "CH03_CAStreamFormatTester" */ = {
			isa = XCConfigurationList;
			buildConfigurations = (
				91F84EAF1D289B9A005DF80F /* Debug */,
				91F84EB01D289B9A005DF80F /* Release */,
			);
			defaultConfigurationIsVisible = 0;
			defaultConfigurationName = Release;
		};
		91F84EB91D289BE9005DF80F /* Build configuration list for PBXNativeTarget "CH04_Recorder" */ = {
			isa = XCConfigurationList;
			buildConfigurations = (
				91F84EBA1D289BE9005DF80F /* Debug */,
				91F84EBB1D289BE9005DF80F /* Release */,
			);
			defaultConfigurationIsVisible = 0;
			defaultConfigurationName = Release;
		};
		91F84EC81D294CE2005DF80F /* Build configuration list for PBXNativeTarget "CH05_Player" */ = {
			isa = XCConfigurationList;
			buildConfigurations = (
				91F84EC61D294CE2005DF80F /* Debug */,
				91F84EC71D294CE2005DF80F /* Release */,
			);
			defaultConfigurationIsVisible = 0;
			defaultConfigurationName = Release;
		};
/* End XCConfigurationList section */
	};
	rootObject = 91F84E7E1D289A11005DF80F /* Project object */;
}
